
Microsoft Visual Studio Solution File, Format Version 12.00
# Visual Studio Version 17
VisualStudioVersion = 17.7.34003.232
MinimumVisualStudioVersion = 10.0.40219.1
Project("{FAE04EC0-301F-11D3-BF4B-00C04F79EFBC}") = "IMProject", "IMProject\IMProject.csproj", "{AEC2C3A5-F796-4150-9CF4-5ED06B3C4B55}"
EndProject
Global
	GlobalSection(SolutionConfigurationPlatforms) = preSolution
		Debug|Any CPU = Debug|Any CPU
		Release|Any CPU = Release|Any CPU
	EndGlobalSection
	GlobalSection(ProjectConfigurationPlatforms) = postSolution
		{AEC2C3A5-F796-4150-9CF4-5ED06B3C4B55}.Debug|Any CPU.ActiveCfg = Debug|Any CPU
		{AEC2C3A5-F796-4150-9CF4-5ED06B3C4B55}.Debug|Any CPU.Build.0 = Debug|Any CPU
		{AEC2C3A5-F796-4150-9CF4-5ED06B3C4B55}.Release|Any CPU.ActiveCfg = Release|Any CPU
		{AEC2C3A5-F796-4150-9CF4-5ED06B3C4B55}.Release|Any CPU.Build.0 = Release|Any CPU
	EndGlobalSection
	GlobalSection(SolutionProperties) = preSolution
		HideSolutionNode = FALSE
	EndGlobalSection
	GlobalSection(ExtensibilityGlobals) = postSolution
		SolutionGuid = {ECB7EAD2-48F3-4649-84DE-7CBB48CCD54D}
	EndGlobalSection
EndGlobal
